
Microsoft Visual Studio Solution File, Format Version 12.00
# Visual Studio 14
VisualStudioVersion = 14.0.25123.0
MinimumVisualStudioVersion = 10.0.40219.1
Project("{FAE04EC0-301F-11D3-BF4B-00C04F79EFBC}") = "ship", "ship\ship.csproj", "{DA88FB1C-1DCC-4E61-B83C-66FC44DD8B2A}"
EndProject
Global
	GlobalSection(SolutionConfigurationPlatforms) = preSolution
		Debug|Any CPU = Debug|Any CPU
		Release|Any CPU = Release|Any CPU
	EndGlobalSection
	GlobalSection(ProjectConfigurationPlatforms) = postSolution
		{DA88FB1C-1DCC-4E61-B83C-66FC44DD8B2A}.Debug|Any CPU.ActiveCfg = Debug|Any CPU
		{DA88FB1C-1DCC-4E61-B83C-66FC44DD8B2A}.Debug|Any CPU.Build.0 = Debug|Any CPU
		{DA88FB1C-1DCC-4E61-B83C-66FC44DD8B2A}.Release|Any CPU.ActiveCfg = Release|Any CPU
		{DA88FB1C-1DCC-4E61-B83C-66FC44DD8B2A}.Release|Any CPU.Build.0 = Release|Any CPU
	EndGlobalSection
	GlobalSection(SolutionProperties) = preSolution
		HideSolutionNode = FALSE
	EndGlobalSection
	GlobalSection(ExtensibilityGlobals) = postSolution
		SolutionGuid = {7227625E-9A8C-4BED-9D52-CA76F71E1A17}
	EndGlobalSection
EndGlobal
